
Microsoft Visual Studio Solution File, Format Version 12.00
# Visual Studio Version 16
VisualStudioVersion = 16.0.28407.52
MinimumVisualStudioVersion = 10.0.40219.1
Project("{FAE04EC0-301F-11D3-BF4B-00C04F79EFBC}") = "Os", "Os\Os.csproj", "{1AA81BFD-E3D6-4287-9EA7-996DF11084A3}"
EndProject
Global
	GlobalSection(SolutionConfigurationPlatforms) = preSolution
		Debug|Any CPU = Debug|Any CPU
		Release|Any CPU = Release|Any CPU
	EndGlobalSection
	GlobalSection(ProjectConfigurationPlatforms) = postSolution
		{1AA81BFD-E3D6-4287-9EA7-996DF11084A3}.Debug|Any CPU.ActiveCfg = Debug|Any CPU
		{1AA81BFD-E3D6-4287-9EA7-996DF11084A3}.Debug|Any CPU.Build.0 = Debug|Any CPU
		{1AA81BFD-E3D6-4287-9EA7-996DF11084A3}.Release|Any CPU.ActiveCfg = Release|Any CPU
		{1AA81BFD-E3D6-4287-9EA7-996DF11084A3}.Release|Any CPU.Build.0 = Release|Any CPU
	EndGlobalSection
	GlobalSection(SolutionProperties) = preSolution
		HideSolutionNode = FALSE
	EndGlobalSection
	GlobalSection(ExtensibilityGlobals) = postSolution
		SolutionGuid = {C9471697-942D-4AD7-A362-DA75BE8C6BF5}
	EndGlobalSection
EndGlobal
